
Microsoft Visual Studio Solution File, Format Version 12.00
# Visual Studio Version 17
VisualStudioVersion = 17.11.35222.181
MinimumVisualStudioVersion = 10.0.40219.1
Project("{FAE04EC0-301F-11D3-BF4B-00C04F79EFBC}") = "tablice 2d macierze", "tablice 2d macierze\tablice 2d macierze.csproj", "{A6B3FC2B-F0E7-447D-89E2-C7605ACE0AB9}"
EndProject
Global
	GlobalSection(SolutionConfigurationPlatforms) = preSolution
		Debug|Any CPU = Debug|Any CPU
		Release|Any CPU = Release|Any CPU
	EndGlobalSection
	GlobalSection(ProjectConfigurationPlatforms) = postSolution
		{A6B3FC2B-F0E7-447D-89E2-C7605ACE0AB9}.Debug|Any CPU.ActiveCfg = Debug|Any CPU
		{A6B3FC2B-F0E7-447D-89E2-C7605ACE0AB9}.Debug|Any CPU.Build.0 = Debug|Any CPU
		{A6B3FC2B-F0E7-447D-89E2-C7605ACE0AB9}.Release|Any CPU.ActiveCfg = Release|Any CPU
		{A6B3FC2B-F0E7-447D-89E2-C7605ACE0AB9}.Release|Any CPU.Build.0 = Release|Any CPU
	EndGlobalSection
	GlobalSection(SolutionProperties) = preSolution
		HideSolutionNode = FALSE
	EndGlobalSection
	GlobalSection(ExtensibilityGlobals) = postSolution
		SolutionGuid = {9F469F5A-EAA8-469F-B719-B88E5B2E1871}
	EndGlobalSection
EndGlobal
