
Microsoft Visual Studio Solution File, Format Version 12.00
# Visual Studio Version 17
VisualStudioVersion = 17.10.34916.146
MinimumVisualStudioVersion = 10.0.40219.1
Project("{FAE04EC0-301F-11D3-BF4B-00C04F79EFBC}") = "Odsłoń planszę (Saper)", "Odsłoń planszę (Saper).csproj", "{78283519-972F-40E8-904C-F9CABCA07395}"
EndProject
Global
	GlobalSection(SolutionConfigurationPlatforms) = preSolution
		Debug|Any CPU = Debug|Any CPU
		Release|Any CPU = Release|Any CPU
	EndGlobalSection
	GlobalSection(ProjectConfigurationPlatforms) = postSolution
		{78283519-972F-40E8-904C-F9CABCA07395}.Debug|Any CPU.ActiveCfg = Debug|Any CPU
		{78283519-972F-40E8-904C-F9CABCA07395}.Debug|Any CPU.Build.0 = Debug|Any CPU
		{78283519-972F-40E8-904C-F9CABCA07395}.Release|Any CPU.ActiveCfg = Release|Any CPU
		{78283519-972F-40E8-904C-F9CABCA07395}.Release|Any CPU.Build.0 = Release|Any CPU
	EndGlobalSection
	GlobalSection(SolutionProperties) = preSolution
		HideSolutionNode = FALSE
	EndGlobalSection
	GlobalSection(ExtensibilityGlobals) = postSolution
		SolutionGuid = {E418A827-01E7-4FE2-A176-D0C8600BF6CF}
	EndGlobalSection
EndGlobal
